
Microsoft Visual Studio Solution File, Format Version 12.00
# Visual Studio 15
VisualStudioVersion = 15.0.28010.2046
MinimumVisualStudioVersion = 10.0.40219.1
Project("{8BC9CEB8-8B4A-11D0-8D11-00A0C91BC942}") = "FirstProject", "src\c-glad\LearnOpenGL.vcxproj", "{565D1B71-5F74-4715-B7B3-847FE7958B45}"
EndProject
Global
	GlobalSection(SolutionConfigurationPlatforms) = preSolution
		Debug|x64 = Debug|x64
		Debug|x86 = Debug|x86
		Release|x64 = Release|x64
		Release|x86 = Release|x86
	EndGlobalSection
	GlobalSection(ProjectConfigurationPlatforms) = postSolution
		{565D1B71-5F74-4715-B7B3-847FE7958B45}.Debug|x64.ActiveCfg = Debug|x64
		{565D1B71-5F74-4715-B7B3-847FE7958B45}.Debug|x64.Build.0 = Debug|x64
		{565D1B71-5F74-4715-B7B3-847FE7958B45}.Debug|x86.ActiveCfg = Debug|Win32
		{565D1B71-5F74-4715-B7B3-847FE7958B45}.Debug|x86.Build.0 = Debug|Win32
		{565D1B71-5F74-4715-B7B3-847FE7958B45}.Release|x64.ActiveCfg = Release|x64
		{565D1B71-5F74-4715-B7B3-847FE7958B45}.Release|x64.Build.0 = Release|x64
		{565D1B71-5F74-4715-B7B3-847FE7958B45}.Release|x86.ActiveCfg = Release|Win32
		{565D1B71-5F74-4715-B7B3-847FE7958B45}.Release|x86.Build.0 = Release|Win32
	EndGlobalSection
	GlobalSection(SolutionProperties) = preSolution
		HideSolutionNode = FALSE
	EndGlobalSection
	GlobalSection(ExtensibilityGlobals) = postSolution
		SolutionGuid = {8A8FA24F-B42B-4DB2-90D6-9B0156EAE0D4}
	EndGlobalSection
EndGlobal
